# THIS IS AN AUTOGENERATED FILE. DO NOT EDIT THIS FILE DIRECTLY.
# yarn lockfile v1


"@nestjs/mapped-types@0.1.0":
  version "0.1.0"
  resolved "https://registry.yarnpkg.com/@nestjs/mapped-types/-/mapped-types-0.1.0.tgz#248435b4af4305bf6d1214d228c84926be56125a"
  integrity sha512-FfQsZK5K1OvvGqjPHCJtrNTLlKLg7bLuphtCRTFb5K2P98JTfslauMbT7bS8huOoK/86HMNmNoHR/EVLAd4FzA==

"@nestjs/swagger@^4.6.1":
  version "4.6.1"
  resolved "https://registry.yarnpkg.com/@nestjs/swagger/-/swagger-4.6.1.tgz#dab7d09ed2579b05b42d1a724de6008745d1d36c"
  integrity sha512-ClJmY7w70fhS0ET3O84IGTyFzKult9T0BlwjyfFeyd9Y02bsX4vYNuJ3YXoOgiHJYsFPUBqpc8DAi4k6AkCdfw==
  dependencies:
    "@nestjs/mapped-types" "0.1.0"
    lodash "4.17.20"
    path-to-regexp "3.2.0"

lodash@4.17.20:
  version "4.17.20"
  resolved "https://registry.yarnpkg.com/lodash/-/lodash-4.17.20.tgz#b44a9b6297bcb698f1c51a3545a2b3b368d59c52"
  integrity sha512-PlhdFcillOINfeV7Ni6oF1TAEayyZBoZ8bcshTHqOYJYlrqzRK5hagpagky5o4HfCzzd1TRkXPMFq6cKk9rGmA==

path-to-regexp@3.2.0:
  version "3.2.0"
  resolved "https://registry.yarnpkg.com/path-to-regexp/-/path-to-regexp-3.2.0.tgz#fa7877ecbc495c601907562222453c43cc204a5f"
  integrity sha512-jczvQbCUS7XmS7o+y1aEO9OBVFeZBQ1MDSEqmO7xSoPgOPoowY/SxLpZ6Vh97/8qHZOteiCKb7gkG9gA2ZUxJA==
